
Microsoft Visual Studio Solution File, Format Version 12.00
# Visual Studio Version 17
VisualStudioVersion = 17.2.32516.85
MinimumVisualStudioVersion = 10.0.40219.1
Project("{9A19103F-16F7-4668-BE54-9A1E7A4F7556}") = "Charon - MasterTinker", "Charon - MasterTinker\Charon - MasterTinker.csproj", "{F6144EC3-6D43-4A1A-BD0D-2B764ADC4312}"
EndProject
Project("{9A19103F-16F7-4668-BE54-9A1E7A4F7556}") = "Charon - ModCore", "Charon - ModCore\Charon - ModCore.csproj", "{F11CC931-62F3-423C-92CF-DE29DCD708A8}"
EndProject
Project("{9A19103F-16F7-4668-BE54-9A1E7A4F7556}") = "Charon - Excursion", "Charon - Excursion\Charon - Excursion.csproj", "{5FF6BF2E-618B-422B-8E35-5C925088932A}"
EndProject
Project("{9A19103F-16F7-4668-BE54-9A1E7A4F7556}") = "Charon - Aggressive Projectiles", "Charon - Aggressive Projectiles\Charon - Aggressive Projectiles.csproj", "{0045A736-857A-428E-9C96-CD81C94BB6A6}"
EndProject
Global
	GlobalSection(SolutionConfigurationPlatforms) = preSolution
		Debug|Any CPU = Debug|Any CPU
		Release|Any CPU = Release|Any CPU
	EndGlobalSection
	GlobalSection(ProjectConfigurationPlatforms) = postSolution
		{F6144EC3-6D43-4A1A-BD0D-2B764ADC4312}.Debug|Any CPU.ActiveCfg = Debug|Any CPU
		{F6144EC3-6D43-4A1A-BD0D-2B764ADC4312}.Debug|Any CPU.Build.0 = Debug|Any CPU
		{F6144EC3-6D43-4A1A-BD0D-2B764ADC4312}.Release|Any CPU.ActiveCfg = Release|Any CPU
		{F6144EC3-6D43-4A1A-BD0D-2B764ADC4312}.Release|Any CPU.Build.0 = Release|Any CPU
		{F11CC931-62F3-423C-92CF-DE29DCD708A8}.Debug|Any CPU.ActiveCfg = Debug|Any CPU
		{F11CC931-62F3-423C-92CF-DE29DCD708A8}.Debug|Any CPU.Build.0 = Debug|Any CPU
		{F11CC931-62F3-423C-92CF-DE29DCD708A8}.Release|Any CPU.ActiveCfg = Release|Any CPU
		{F11CC931-62F3-423C-92CF-DE29DCD708A8}.Release|Any CPU.Build.0 = Release|Any CPU
		{5FF6BF2E-618B-422B-8E35-5C925088932A}.Debug|Any CPU.ActiveCfg = Debug|Any CPU
		{5FF6BF2E-618B-422B-8E35-5C925088932A}.Debug|Any CPU.Build.0 = Debug|Any CPU
		{5FF6BF2E-618B-422B-8E35-5C925088932A}.Release|Any CPU.ActiveCfg = Release|Any CPU
		{5FF6BF2E-618B-422B-8E35-5C925088932A}.Release|Any CPU.Build.0 = Release|Any CPU
		{0045A736-857A-428E-9C96-CD81C94BB6A6}.Debug|Any CPU.ActiveCfg = Debug|Any CPU
		{0045A736-857A-428E-9C96-CD81C94BB6A6}.Debug|Any CPU.Build.0 = Debug|Any CPU
		{0045A736-857A-428E-9C96-CD81C94BB6A6}.Release|Any CPU.ActiveCfg = Release|Any CPU
		{0045A736-857A-428E-9C96-CD81C94BB6A6}.Release|Any CPU.Build.0 = Release|Any CPU
	EndGlobalSection
	GlobalSection(SolutionProperties) = preSolution
		HideSolutionNode = FALSE
	EndGlobalSection
	GlobalSection(ExtensibilityGlobals) = postSolution
		SolutionGuid = {A9086388-6CE7-46A1-9ADF-02DCC066EFCA}
	EndGlobalSection
EndGlobal
